
Microsoft Visual Studio Solution File, Format Version 12.00
# Visual Studio Version 17
VisualStudioVersion = 17.6.33723.286
MinimumVisualStudioVersion = 10.0.40219.1
Project("{9A19103F-16F7-4668-BE54-9A1E7A4F7556}") = "Card Cost API", "Card Cost API\Card Cost API.csproj", "{A1FDFB4D-CD73-42DA-8F25-324CDF7E55D1}"
EndProject
Project("{2150E333-8FDC-42A3-9474-1A3956D46DE8}") = "Solution Items", "Solution Items", "{484D69B2-D58D-4BE8-AD58-56CF6E3320A0}"
EndProject
Project("{FAE04EC0-301F-11D3-BF4B-00C04F79EFBC}") = "CardCostAPI.Tests", "CardCostAPI.Tests\CardCostAPI.Tests.csproj", "{0742BD28-E76F-4B21-A551-F0C078A8CCCE}"
EndProject
Global
	GlobalSection(SolutionConfigurationPlatforms) = preSolution
		Debug|Any CPU = Debug|Any CPU
		Release|Any CPU = Release|Any CPU
	EndGlobalSection
	GlobalSection(ProjectConfigurationPlatforms) = postSolution
		{A1FDFB4D-CD73-42DA-8F25-324CDF7E55D1}.Debug|Any CPU.ActiveCfg = Debug|Any CPU
		{A1FDFB4D-CD73-42DA-8F25-324CDF7E55D1}.Debug|Any CPU.Build.0 = Debug|Any CPU
		{A1FDFB4D-CD73-42DA-8F25-324CDF7E55D1}.Release|Any CPU.ActiveCfg = Release|Any CPU
		{A1FDFB4D-CD73-42DA-8F25-324CDF7E55D1}.Release|Any CPU.Build.0 = Release|Any CPU
		{0742BD28-E76F-4B21-A551-F0C078A8CCCE}.Debug|Any CPU.ActiveCfg = Debug|Any CPU
		{0742BD28-E76F-4B21-A551-F0C078A8CCCE}.Debug|Any CPU.Build.0 = Debug|Any CPU
		{0742BD28-E76F-4B21-A551-F0C078A8CCCE}.Release|Any CPU.ActiveCfg = Release|Any CPU
		{0742BD28-E76F-4B21-A551-F0C078A8CCCE}.Release|Any CPU.Build.0 = Release|Any CPU
	EndGlobalSection
	GlobalSection(SolutionProperties) = preSolution
		HideSolutionNode = FALSE
	EndGlobalSection
	GlobalSection(ExtensibilityGlobals) = postSolution
		SolutionGuid = {EF48D512-4730-47EB-8899-B253600EF2BA}
	EndGlobalSection
EndGlobal
